
Microsoft Visual Studio Solution File, Format Version 12.00
# Visual Studio Version 16
VisualStudioVersion = 16.0.31205.134
MinimumVisualStudioVersion = 10.0.40219.1
Project("{FAE04EC0-301F-11D3-BF4B-00C04F79EFBC}") = "lab6", "lab6\lab6.csproj", "{D4E84006-C568-4207-A200-0FBB837D544B}"
EndProject
Global
	GlobalSection(SolutionConfigurationPlatforms) = preSolution
		Debug|Any CPU = Debug|Any CPU
		Release|Any CPU = Release|Any CPU
	EndGlobalSection
	GlobalSection(ProjectConfigurationPlatforms) = postSolution
		{D4E84006-C568-4207-A200-0FBB837D544B}.Debug|Any CPU.ActiveCfg = Debug|Any CPU
		{D4E84006-C568-4207-A200-0FBB837D544B}.Debug|Any CPU.Build.0 = Debug|Any CPU
		{D4E84006-C568-4207-A200-0FBB837D544B}.Release|Any CPU.ActiveCfg = Release|Any CPU
		{D4E84006-C568-4207-A200-0FBB837D544B}.Release|Any CPU.Build.0 = Release|Any CPU
	EndGlobalSection
	GlobalSection(SolutionProperties) = preSolution
		HideSolutionNode = FALSE
	EndGlobalSection
	GlobalSection(ExtensibilityGlobals) = postSolution
		SolutionGuid = {1ABB53C9-74F4-4FB1-B850-C3F31FBA2CD6}
	EndGlobalSection
EndGlobal
