
Microsoft Visual Studio Solution File, Format Version 12.00
# Visual Studio Version 16
VisualStudioVersion = 16.0.31205.134
MinimumVisualStudioVersion = 10.0.40219.1
Project("{FAE04EC0-301F-11D3-BF4B-00C04F79EFBC}") = "Lab4", "Lab4\Lab4.csproj", "{D4471AD5-E180-4F40-9427-7E8B597C1D49}"
EndProject
Global
	GlobalSection(SolutionConfigurationPlatforms) = preSolution
		Debug|Any CPU = Debug|Any CPU
		Release|Any CPU = Release|Any CPU
	EndGlobalSection
	GlobalSection(ProjectConfigurationPlatforms) = postSolution
		{D4471AD5-E180-4F40-9427-7E8B597C1D49}.Debug|Any CPU.ActiveCfg = Debug|Any CPU
		{D4471AD5-E180-4F40-9427-7E8B597C1D49}.Debug|Any CPU.Build.0 = Debug|Any CPU
		{D4471AD5-E180-4F40-9427-7E8B597C1D49}.Release|Any CPU.ActiveCfg = Release|Any CPU
		{D4471AD5-E180-4F40-9427-7E8B597C1D49}.Release|Any CPU.Build.0 = Release|Any CPU
	EndGlobalSection
	GlobalSection(SolutionProperties) = preSolution
		HideSolutionNode = FALSE
	EndGlobalSection
	GlobalSection(ExtensibilityGlobals) = postSolution
		SolutionGuid = {177880E9-D16B-4553-B015-0F7CE846A6E3}
	EndGlobalSection
EndGlobal
